
Microsoft Visual Studio Solution File, Format Version 12.00
# Visual Studio Express 2012 for Windows Desktop
Project("{FAE04EC0-301F-11D3-BF4B-00C04F79EFBC}") = "class", "ConsoleApplication6\class.csproj", "{8FD7AF58-F67F-483B-8AC3-FD27CB21B706}"
EndProject
Global
	GlobalSection(SolutionConfigurationPlatforms) = preSolution
		Debug|Any CPU = Debug|Any CPU
		Release|Any CPU = Release|Any CPU
	EndGlobalSection
	GlobalSection(ProjectConfigurationPlatforms) = postSolution
		{8FD7AF58-F67F-483B-8AC3-FD27CB21B706}.Debug|Any CPU.ActiveCfg = Debug|Any CPU
		{8FD7AF58-F67F-483B-8AC3-FD27CB21B706}.Debug|Any CPU.Build.0 = Debug|Any CPU
		{8FD7AF58-F67F-483B-8AC3-FD27CB21B706}.Release|Any CPU.ActiveCfg = Release|Any CPU
		{8FD7AF58-F67F-483B-8AC3-FD27CB21B706}.Release|Any CPU.Build.0 = Release|Any CPU
	EndGlobalSection
	GlobalSection(SolutionProperties) = preSolution
		HideSolutionNode = FALSE
	EndGlobalSection
EndGlobal
